// !$*UTF8*$!
{
	archiveVersion = 1;
	classes = {
	};
	objectVersion = 50;
	objects = {

/* Begin PBXBuildFile section */
		C795A2C62245184C00F233A4 /* AppDelegate.swift in Sources */ = {isa = PBXBuildFile; fileRef = C795A2C52245184C00F233A4 /* AppDelegate.swift */; };
		C795A2CB2245184C00F233A4 /* Main.storyboard in Resources */ = {isa = PBXBuildFile; fileRef = C795A2C92245184C00F233A4 /* Main.storyboard */; };
		C795A2CD2245184E00F233A4 /* Assets.xcassets in Resources */ = {isa = PBXBuildFile; fileRef = C795A2CC2245184E00F233A4 /* Assets.xcassets */; };
		C795A2D02245184E00F233A4 /* LaunchScreen.storyboard in Resources */ = {isa = PBXBuildFile; fileRef = C795A2CE2245184E00F233A4 /* LaunchScreen.storyboard */; };
		C795A2DB2245184E00F233A4 /* SupplementsTests.swift in Sources */ = {isa = PBXBuildFile; fileRef = C795A2DA2245184E00F233A4 /* SupplementsTests.swift */; };
		C795A2E62245184E00F233A4 /* SupplementsUITests.swift in Sources */ = {isa = PBXBuildFile; fileRef = C795A2E52245184E00F233A4 /* SupplementsUITests.swift */; };
		C795A2F5224526B200F233A4 /* Coordinator.swift in Sources */ = {isa = PBXBuildFile; fileRef = C795A2F4224526B200F233A4 /* Coordinator.swift */; };
		C795A2F9224527CA00F233A4 /* BaseCoordinator.swift in Sources */ = {isa = PBXBuildFile; fileRef = C795A2F8224527CA00F233A4 /* BaseCoordinator.swift */; };
		C795A2FB22452A6D00F233A4 /* AppCoordinator.swift in Sources */ = {isa = PBXBuildFile; fileRef = C795A2FA22452A6D00F233A4 /* AppCoordinator.swift */; };
		C795A2FF22452B1E00F233A4 /* AppCoordinatorFactoryProtocol.swift in Sources */ = {isa = PBXBuildFile; fileRef = C795A2FE22452B1E00F233A4 /* AppCoordinatorFactoryProtocol.swift */; };
		C795A30222452B7300F233A4 /* MainCoordinatorOutputProtocol.swift in Sources */ = {isa = PBXBuildFile; fileRef = C795A30122452B7300F233A4 /* MainCoordinatorOutputProtocol.swift */; };
		C795A30422452BB400F233A4 /* CoordinatorOutput.swift in Sources */ = {isa = PBXBuildFile; fileRef = C795A30322452BB400F233A4 /* CoordinatorOutput.swift */; };
		C795A30622452C6D00F233A4 /* AppCoordinatorFactory.swift in Sources */ = {isa = PBXBuildFile; fileRef = C795A30522452C6D00F233A4 /* AppCoordinatorFactory.swift */; };
		C795A30822452CF000F233A4 /* MainCoordinator.swift in Sources */ = {isa = PBXBuildFile; fileRef = C795A30722452CF000F233A4 /* MainCoordinator.swift */; };
		C795A30A22452E5800F233A4 /* MainFactoryProtocol.swift in Sources */ = {isa = PBXBuildFile; fileRef = C795A30922452E5800F233A4 /* MainFactoryProtocol.swift */; };
		C795A31022452ED000F233A4 /* MainViewController.swift in Sources */ = {isa = PBXBuildFile; fileRef = C795A30F22452ED000F233A4 /* MainViewController.swift */; };
		C795A31222452F0400F233A4 /* MainPresenter.swift in Sources */ = {isa = PBXBuildFile; fileRef = C795A31122452F0400F233A4 /* MainPresenter.swift */; };
		C795A31522452F6C00F233A4 /* MainTemplate.swift in Sources */ = {isa = PBXBuildFile; fileRef = C795A31422452F6C00F233A4 /* MainTemplate.swift */; };
		C795A3172245304300F233A4 /* MainPresenterFactoryProtocol.swift in Sources */ = {isa = PBXBuildFile; fileRef = C795A3162245304300F233A4 /* MainPresenterFactoryProtocol.swift */; };
		C795A319224530B100F233A4 /* MainPresenterFactory.swift in Sources */ = {isa = PBXBuildFile; fileRef = C795A318224530B100F233A4 /* MainPresenterFactory.swift */; };
		C795A31B2245310200F233A4 /* MainModuleFactory.swift in Sources */ = {isa = PBXBuildFile; fileRef = C795A31A2245310200F233A4 /* MainModuleFactory.swift */; };
		C795A3212245325C00F233A4 /* UIViewController+Extensions.swift in Sources */ = {isa = PBXBuildFile; fileRef = C795A3202245325C00F233A4 /* UIViewController+Extensions.swift */; };
		C795A3232245328900F233A4 /* Storyboard.swift in Sources */ = {isa = PBXBuildFile; fileRef = C795A3222245328900F233A4 /* Storyboard.swift */; };
		C7BB3745225CB4EB0099EB1B /* String+Extensions.swift in Sources */ = {isa = PBXBuildFile; fileRef = C7BB3744225CB4EB0099EB1B /* String+Extensions.swift */; };
		C7BB3746225CB4F90099EB1B /* String+Extensions.swift in Sources */ = {isa = PBXBuildFile; fileRef = C7BB3744225CB4EB0099EB1B /* String+Extensions.swift */; };
		C7FCE615224A313700610E58 /* MainPresenterFactoryProtocol.swift in Sources */ = {isa = PBXBuildFile; fileRef = C795A3162245304300F233A4 /* MainPresenterFactoryProtocol.swift */; };
		C7FCE616224A313700610E58 /* AppDelegate.swift in Sources */ = {isa = PBXBuildFile; fileRef = C795A2C52245184C00F233A4 /* AppDelegate.swift */; };
		C7FCE617224A313700610E58 /* MainViewController.swift in Sources */ = {isa = PBXBuildFile; fileRef = C795A30F22452ED000F233A4 /* MainViewController.swift */; };
		C7FCE618224A313700610E58 /* MainCoordinatorOutputProtocol.swift in Sources */ = {isa = PBXBuildFile; fileRef = C795A30122452B7300F233A4 /* MainCoordinatorOutputProtocol.swift */; };
		C7FCE619224A313700610E58 /* UIViewController+Extensions.swift in Sources */ = {isa = PBXBuildFile; fileRef = C795A3202245325C00F233A4 /* UIViewController+Extensions.swift */; };
		C7FCE61A224A313700610E58 /* MainCoordinator.swift in Sources */ = {isa = PBXBuildFile; fileRef = C795A30722452CF000F233A4 /* MainCoordinator.swift */; };
		C7FCE61B224A313700610E58 /* MainModuleFactory.swift in Sources */ = {isa = PBXBuildFile; fileRef = C795A31A2245310200F233A4 /* MainModuleFactory.swift */; };
		C7FCE61C224A313700610E58 /* AppCoordinator.swift in Sources */ = {isa = PBXBuildFile; fileRef = C795A2FA22452A6D00F233A4 /* AppCoordinator.swift */; };
		C7FCE61D224A313700610E58 /* AppCoordinatorFactory.swift in Sources */ = {isa = PBXBuildFile; fileRef = C795A30522452C6D00F233A4 /* AppCoordinatorFactory.swift */; };
		C7FCE61E224A313700610E58 /* AppCoordinatorFactoryProtocol.swift in Sources */ = {isa = PBXBuildFile; fileRef = C795A2FE22452B1E00F233A4 /* AppCoordinatorFactoryProtocol.swift */; };
		C7FCE61F224A313700610E58 /* MainPresenter.swift in Sources */ = {isa = PBXBuildFile; fileRef = C795A31122452F0400F233A4 /* MainPresenter.swift */; };
		C7FCE620224A313700610E58 /* Coordinator.swift in Sources */ = {isa = PBXBuildFile; fileRef = C795A2F4224526B200F233A4 /* Coordinator.swift */; };
		C7FCE621224A313700610E58 /* MainTemplate.swift in Sources */ = {isa = PBXBuildFile; fileRef = C795A31422452F6C00F233A4 /* MainTemplate.swift */; };
		C7FCE622224A313700610E58 /* MainPresenterFactory.swift in Sources */ = {isa = PBXBuildFile; fileRef = C795A318224530B100F233A4 /* MainPresenterFactory.swift */; };
		C7FCE623224A313700610E58 /* BaseCoordinator.swift in Sources */ = {isa = PBXBuildFile; fileRef = C795A2F8224527CA00F233A4 /* BaseCoordinator.swift */; };
		C7FCE624224A313700610E58 /* MainFactoryProtocol.swift in Sources */ = {isa = PBXBuildFile; fileRef = C795A30922452E5800F233A4 /* MainFactoryProtocol.swift */; };
		C7FCE625224A313700610E58 /* Storyboard.swift in Sources */ = {isa = PBXBuildFile; fileRef = C795A3222245328900F233A4 /* Storyboard.swift */; };
		C7FCE626224A313700610E58 /* CoordinatorOutput.swift in Sources */ = {isa = PBXBuildFile; fileRef = C795A30322452BB400F233A4 /* CoordinatorOutput.swift */; };
		C7FCE629224A313700610E58 /* LaunchScreen.storyboard in Resources */ = {isa = PBXBuildFile; fileRef = C795A2CE2245184E00F233A4 /* LaunchScreen.storyboard */; };
		C7FCE62A224A313700610E58 /* Assets.xcassets in Resources */ = {isa = PBXBuildFile; fileRef = C795A2CC2245184E00F233A4 /* Assets.xcassets */; };
		C7FCE62B224A313700610E58 /* Main.storyboard in Resources */ = {isa = PBXBuildFile; fileRef = C795A2C92245184C00F233A4 /* Main.storyboard */; };
		C7FCE638224A355200610E58 /* MainScreen.strings in Resources */ = {isa = PBXBuildFile; fileRef = C7FCE63B224A355200610E58 /* MainScreen.strings */; };
		C7FCE639224A355200610E58 /* MainScreen.strings in Resources */ = {isa = PBXBuildFile; fileRef = C7FCE63B224A355200610E58 /* MainScreen.strings */; };
		C7FCE63D224A363000610E58 /* Localizable.swift in Sources */ = {isa = PBXBuildFile; fileRef = C7FCE63C224A363000610E58 /* Localizable.swift */; };
		C7FCE63E224A363000610E58 /* Localizable.swift in Sources */ = {isa = PBXBuildFile; fileRef = C7FCE63C224A363000610E58 /* Localizable.swift */; };
		C7FCE640224A369100610E58 /* Localizable+UIView+Extensions.swift in Sources */ = {isa = PBXBuildFile; fileRef = C7FCE63F224A369100610E58 /* Localizable+UIView+Extensions.swift */; };
		C7FCE641224A369100610E58 /* Localizable+UIView+Extensions.swift in Sources */ = {isa = PBXBuildFile; fileRef = C7FCE63F224A369100610E58 /* Localizable+UIView+Extensions.swift */; };
/* End PBXBuildFile section */

/* Begin PBXContainerItemProxy section */
		C795A2D72245184E00F233A4 /* PBXContainerItemProxy */ = {
			isa = PBXContainerItemProxy;
			containerPortal = C795A2BA2245184C00F233A4 /* Project object */;
			proxyType = 1;
			remoteGlobalIDString = C795A2C12245184C00F233A4;
			remoteInfo = Supplements;
		};
		C795A2E22245184E00F233A4 /* PBXContainerItemProxy */ = {
			isa = PBXContainerItemProxy;
			containerPortal = C795A2BA2245184C00F233A4 /* Project object */;
			proxyType = 1;
			remoteGlobalIDString = C795A2C12245184C00F233A4;
			remoteInfo = Supplements;
		};
/* End PBXContainerItemProxy section */

/* Begin PBXFileReference section */
		C795A2C22245184C00F233A4 /* Supplements.app */ = {isa = PBXFileReference; explicitFileType = wrapper.application; includeInIndex = 0; path = Supplements.app; sourceTree = BUILT_PRODUCTS_DIR; };
		C795A2C52245184C00F233A4 /* AppDelegate.swift */ = {isa = PBXFileReference; lastKnownFileType = sourcecode.swift; path = AppDelegate.swift; sourceTree = "<group>"; };
		C795A2CA2245184C00F233A4 /* Base */ = {isa = PBXFileReference; lastKnownFileType = file.storyboard; name = Base; path = Base.lproj/Main.storyboard; sourceTree = "<group>"; };
		C795A2CC2245184E00F233A4 /* Assets.xcassets */ = {isa = PBXFileReference; lastKnownFileType = folder.assetcatalog; path = Assets.xcassets; sourceTree = "<group>"; };
		C795A2CF2245184E00F233A4 /* Base */ = {isa = PBXFileReference; lastKnownFileType = file.storyboard; name = Base; path = Base.lproj/LaunchScreen.storyboard; sourceTree = "<group>"; };
		C795A2D12245184E00F233A4 /* Info.plist */ = {isa = PBXFileReference; lastKnownFileType = text.plist.xml; path = Info.plist; sourceTree = "<group>"; };
		C795A2D62245184E00F233A4 /* SupplementsTests.xctest */ = {isa = PBXFileReference; explicitFileType = wrapper.cfbundle; includeInIndex = 0; path = SupplementsTests.xctest; sourceTree = BUILT_PRODUCTS_DIR; };
		C795A2DA2245184E00F233A4 /* SupplementsTests.swift */ = {isa = PBXFileReference; lastKnownFileType = sourcecode.swift; path = SupplementsTests.swift; sourceTree = "<group>"; };
		C795A2DC2245184E00F233A4 /* Info.plist */ = {isa = PBXFileReference; lastKnownFileType = text.plist.xml; path = Info.plist; sourceTree = "<group>"; };
		C795A2E12245184E00F233A4 /* SupplementsUITests.xctest */ = {isa = PBXFileReference; explicitFileType = wrapper.cfbundle; includeInIndex = 0; path = SupplementsUITests.xctest; sourceTree = BUILT_PRODUCTS_DIR; };
		C795A2E52245184E00F233A4 /* SupplementsUITests.swift */ = {isa = PBXFileReference; lastKnownFileType = sourcecode.swift; path = SupplementsUITests.swift; sourceTree = "<group>"; };
		C795A2E72245184E00F233A4 /* Info.plist */ = {isa = PBXFileReference; lastKnownFileType = text.plist.xml; path = Info.plist; sourceTree = "<group>"; };
		C795A2F4224526B200F233A4 /* Coordinator.swift */ = {isa = PBXFileReference; lastKnownFileType = sourcecode.swift; path = Coordinator.swift; sourceTree = "<group>"; };
		C795A2F8224527CA00F233A4 /* BaseCoordinator.swift */ = {isa = PBXFileReference; lastKnownFileType = sourcecode.swift; path = BaseCoordinator.swift; sourceTree = "<group>"; };
		C795A2FA22452A6D00F233A4 /* AppCoordinator.swift */ = {isa = PBXFileReference; lastKnownFileType = sourcecode.swift; path = AppCoordinator.swift; sourceTree = "<group>"; };
		C795A2FE22452B1E00F233A4 /* AppCoordinatorFactoryProtocol.swift */ = {isa = PBXFileReference; lastKnownFileType = sourcecode.swift; path = AppCoordinatorFactoryProtocol.swift; sourceTree = "<group>"; };
		C795A30122452B7300F233A4 /* MainCoordinatorOutputProtocol.swift */ = {isa = PBXFileReference; lastKnownFileType = sourcecode.swift; path = MainCoordinatorOutputProtocol.swift; sourceTree = "<group>"; };
		C795A30322452BB400F233A4 /* CoordinatorOutput.swift */ = {isa = PBXFileReference; lastKnownFileType = sourcecode.swift; path = CoordinatorOutput.swift; sourceTree = "<group>"; };
		C795A30522452C6D00F233A4 /* AppCoordinatorFactory.swift */ = {isa = PBXFileReference; lastKnownFileType = sourcecode.swift; path = AppCoordinatorFactory.swift; sourceTree = "<group>"; };
		C795A30722452CF000F233A4 /* MainCoordinator.swift */ = {isa = PBXFileReference; lastKnownFileType = sourcecode.swift; path = MainCoordinator.swift; sourceTree = "<group>"; };
		C795A30922452E5800F233A4 /* MainFactoryProtocol.swift */ = {isa = PBXFileReference; lastKnownFileType = sourcecode.swift; path = MainFactoryProtocol.swift; sourceTree = "<group>"; };
		C795A30F22452ED000F233A4 /* MainViewController.swift */ = {isa = PBXFileReference; lastKnownFileType = sourcecode.swift; path = MainViewController.swift; sourceTree = "<group>"; };
		C795A31122452F0400F233A4 /* MainPresenter.swift */ = {isa = PBXFileReference; lastKnownFileType = sourcecode.swift; path = MainPresenter.swift; sourceTree = "<group>"; };
		C795A31422452F6C00F233A4 /* MainTemplate.swift */ = {isa = PBXFileReference; lastKnownFileType = sourcecode.swift; path = MainTemplate.swift; sourceTree = "<group>"; };
		C795A3162245304300F233A4 /* MainPresenterFactoryProtocol.swift */ = {isa = PBXFileReference; lastKnownFileType = sourcecode.swift; path = MainPresenterFactoryProtocol.swift; sourceTree = "<group>"; };
		C795A318224530B100F233A4 /* MainPresenterFactory.swift */ = {isa = PBXFileReference; lastKnownFileType = sourcecode.swift; path = MainPresenterFactory.swift; sourceTree = "<group>"; };
		C795A31A2245310200F233A4 /* MainModuleFactory.swift */ = {isa = PBXFileReference; lastKnownFileType = sourcecode.swift; path = MainModuleFactory.swift; sourceTree = "<group>"; };
		C795A3202245325C00F233A4 /* UIViewController+Extensions.swift */ = {isa = PBXFileReference; lastKnownFileType = sourcecode.swift; path = "UIViewController+Extensions.swift"; sourceTree = "<group>"; };
		C795A3222245328900F233A4 /* Storyboard.swift */ = {isa = PBXFileReference; lastKnownFileType = sourcecode.swift; path = Storyboard.swift; sourceTree = "<group>"; };
		C7BB3744225CB4EB0099EB1B /* String+Extensions.swift */ = {isa = PBXFileReference; lastKnownFileType = sourcecode.swift; path = "String+Extensions.swift"; sourceTree = "<group>"; };
		C7BB3747225CB69E0099EB1B /* pl */ = {isa = PBXFileReference; lastKnownFileType = text.plist.strings; name = pl; path = pl.lproj/LaunchScreen.strings; sourceTree = "<group>"; };
		C7BB3748225CB69E0099EB1B /* pl */ = {isa = PBXFileReference; lastKnownFileType = text.plist.strings; name = pl; path = pl.lproj/Main.strings; sourceTree = "<group>"; };
		C7BB3749225CB69E0099EB1B /* pl */ = {isa = PBXFileReference; lastKnownFileType = text.plist.strings; name = pl; path = pl.lproj/MainScreen.strings; sourceTree = "<group>"; };
		C7FCE62F224A313700610E58 /* Supplements dev.app */ = {isa = PBXFileReference; explicitFileType = wrapper.application; includeInIndex = 0; path = "Supplements dev.app"; sourceTree = BUILT_PRODUCTS_DIR; };
		C7FCE631224A32B700610E58 /* dev-Info.plist */ = {isa = PBXFileReference; fileEncoding = 4; lastKnownFileType = text.plist.xml; path = "dev-Info.plist"; sourceTree = "<group>"; };
		C7FCE63A224A355200610E58 /* en */ = {isa = PBXFileReference; lastKnownFileType = text.plist.strings; name = en; path = en.lproj/MainScreen.strings; sourceTree = "<group>"; };
		C7FCE63C224A363000610E58 /* Localizable.swift */ = {isa = PBXFileReference; lastKnownFileType = sourcecode.swift; path = Localizable.swift; sourceTree = "<group>"; };
		C7FCE63F224A369100610E58 /* Localizable+UIView+Extensions.swift */ = {isa = PBXFileReference; lastKnownFileType = sourcecode.swift; path = "Localizable+UIView+Extensions.swift"; sourceTree = "<group>"; };
/* End PBXFileReference section */

/* Begin PBXFrameworksBuildPhase section */
		C795A2BF2245184C00F233A4 /* Frameworks */ = {
			isa = PBXFrameworksBuildPhase;
			buildActionMask = 2147483647;
			files = (
			);
			runOnlyForDeploymentPostprocessing = 0;
		};
		C795A2D32245184E00F233A4 /* Frameworks */ = {
			isa = PBXFrameworksBuildPhase;
			buildActionMask = 2147483647;
			files = (
			);
			runOnlyForDeploymentPostprocessing = 0;
		};
		C795A2DE2245184E00F233A4 /* Frameworks */ = {
			isa = PBXFrameworksBuildPhase;
			buildActionMask = 2147483647;
			files = (
			);
			runOnlyForDeploymentPostprocessing = 0;
		};
		C7FCE627224A313700610E58 /* Frameworks */ = {
			isa = PBXFrameworksBuildPhase;
			buildActionMask = 2147483647;
			files = (
			);
			runOnlyForDeploymentPostprocessing = 0;
		};
/* End PBXFrameworksBuildPhase section */

/* Begin PBXGroup section */
		C795A2B92245184C00F233A4 = {
			isa = PBXGroup;
			children = (
				C795A2C42245184C00F233A4 /* Supplements */,
				C795A2D92245184E00F233A4 /* SupplementsTests */,
				C795A2E42245184E00F233A4 /* SupplementsUITests */,
				C795A2C32245184C00F233A4 /* Products */,
			);
			sourceTree = "<group>";
		};
		C795A2C32245184C00F233A4 /* Products */ = {
			isa = PBXGroup;
			children = (
				C795A2C22245184C00F233A4 /* Supplements.app */,
				C795A2D62245184E00F233A4 /* SupplementsTests.xctest */,
				C795A2E12245184E00F233A4 /* SupplementsUITests.xctest */,
				C7FCE62F224A313700610E58 /* Supplements dev.app */,
			);
			name = Products;
			sourceTree = "<group>";
		};
		C795A2C42245184C00F233A4 /* Supplements */ = {
			isa = PBXGroup;
			children = (
				C795A30B22452E9200F233A4 /* MVP */,
				C795A31C2245317E00F233A4 /* UI */,
				C795A2F32245268800F233A4 /* ApplicationCoordinator */,
				C7FCE633224A34E200610E58 /* Support Files */,
				C795A2C52245184C00F233A4 /* AppDelegate.swift */,
				C795A2CC2245184E00F233A4 /* Assets.xcassets */,
				C795A2D12245184E00F233A4 /* Info.plist */,
				C7FCE631224A32B700610E58 /* dev-Info.plist */,
			);
			path = Supplements;
			sourceTree = "<group>";
		};
		C795A2D92245184E00F233A4 /* SupplementsTests */ = {
			isa = PBXGroup;
			children = (
				C795A2DA2245184E00F233A4 /* SupplementsTests.swift */,
				C795A2DC2245184E00F233A4 /* Info.plist */,
			);
			path = SupplementsTests;
			sourceTree = "<group>";
		};
		C795A2E42245184E00F233A4 /* SupplementsUITests */ = {
			isa = PBXGroup;
			children = (
				C795A2E52245184E00F233A4 /* SupplementsUITests.swift */,
				C795A2E72245184E00F233A4 /* Info.plist */,
			);
			path = SupplementsUITests;
			sourceTree = "<group>";
		};
		C795A2F32245268800F233A4 /* ApplicationCoordinator */ = {
			isa = PBXGroup;
			children = (
				C795A2F72245279700F233A4 /* Coordinators */,
				C795A2FC22452AE200F233A4 /* Factories */,
				C795A2F6224526C700F233A4 /* Protocols */,
			);
			path = ApplicationCoordinator;
			sourceTree = "<group>";
		};
		C795A2F6224526C700F233A4 /* Protocols */ = {
			isa = PBXGroup;
			children = (
				C795A2F4224526B200F233A4 /* Coordinator.swift */,
			);
			path = Protocols;
			sourceTree = "<group>";
		};
		C795A2F72245279700F233A4 /* Coordinators */ = {
			isa = PBXGroup;
			children = (
				C795A30022452B3D00F233A4 /* Outputs */,
				C795A2F8224527CA00F233A4 /* BaseCoordinator.swift */,
				C795A2FA22452A6D00F233A4 /* AppCoordinator.swift */,
			);
			path = Coordinators;
			sourceTree = "<group>";
		};
		C795A2FC22452AE200F233A4 /* Factories */ = {
			isa = PBXGroup;
			children = (
				C795A2FD22452B0200F233A4 /* Protocols */,
				C795A30522452C6D00F233A4 /* AppCoordinatorFactory.swift */,
				C795A31A2245310200F233A4 /* MainModuleFactory.swift */,
				C795A318224530B100F233A4 /* MainPresenterFactory.swift */,
			);
			path = Factories;
			sourceTree = "<group>";
		};
		C795A2FD22452B0200F233A4 /* Protocols */ = {
			isa = PBXGroup;
			children = (
				C795A2FE22452B1E00F233A4 /* AppCoordinatorFactoryProtocol.swift */,
				C795A30922452E5800F233A4 /* MainFactoryProtocol.swift */,
				C795A3162245304300F233A4 /* MainPresenterFactoryProtocol.swift */,
			);
			path = Protocols;
			sourceTree = "<group>";
		};
		C795A30022452B3D00F233A4 /* Outputs */ = {
			isa = PBXGroup;
			children = (
				C795A30322452BB400F233A4 /* CoordinatorOutput.swift */,
				C795A30122452B7300F233A4 /* MainCoordinatorOutputProtocol.swift */,
				C795A30722452CF000F233A4 /* MainCoordinator.swift */,
			);
			path = Outputs;
			sourceTree = "<group>";
		};
		C795A30B22452E9200F233A4 /* MVP */ = {
			isa = PBXGroup;
			children = (
				C795A30C22452E9C00F233A4 /* Models */,
				C795A30D22452EA600F233A4 /* Views */,
				C795A30E22452EB000F233A4 /* Presenters */,
				C795A31322452F5600F233A4 /* Templates */,
			);
			path = MVP;
			sourceTree = "<group>";
		};
		C795A30C22452E9C00F233A4 /* Models */ = {
			isa = PBXGroup;
			children = (
			);
			path = Models;
			sourceTree = "<group>";
		};
		C795A30D22452EA600F233A4 /* Views */ = {
			isa = PBXGroup;
			children = (
				C795A30F22452ED000F233A4 /* MainViewController.swift */,
			);
			path = Views;
			sourceTree = "<group>";
		};
		C795A30E22452EB000F233A4 /* Presenters */ = {
			isa = PBXGroup;
			children = (
				C795A31122452F0400F233A4 /* MainPresenter.swift */,
			);
			path = Presenters;
			sourceTree = "<group>";
		};
		C795A31322452F5600F233A4 /* Templates */ = {
			isa = PBXGroup;
			children = (
				C795A31422452F6C00F233A4 /* MainTemplate.swift */,
			);
			path = Templates;
			sourceTree = "<group>";
		};
		C795A31C2245317E00F233A4 /* UI */ = {
			isa = PBXGroup;
			children = (
				C795A31D2245318800F233A4 /* Storyboards */,
			);
			path = UI;
			sourceTree = "<group>";
		};
		C795A31D2245318800F233A4 /* Storyboards */ = {
			isa = PBXGroup;
			children = (
				C795A3222245328900F233A4 /* Storyboard.swift */,
				C795A2CE2245184E00F233A4 /* LaunchScreen.storyboard */,
				C795A2C92245184C00F233A4 /* Main.storyboard */,
			);
			path = Storyboards;
			sourceTree = "<group>";
		};
		C795A31F2245322800F233A4 /* Extensions */ = {
			isa = PBXGroup;
			children = (
				C795A3202245325C00F233A4 /* UIViewController+Extensions.swift */,
				C7BB3744225CB4EB0099EB1B /* String+Extensions.swift */,
			);
			path = Extensions;
			sourceTree = "<group>";
		};
		C7FCE633224A34E200610E58 /* Support Files */ = {
			isa = PBXGroup;
			children = (
				C7FCE634224A350A00610E58 /* Localizable */,
				C795A31F2245322800F233A4 /* Extensions */,
			);
			path = "Support Files";
			sourceTree = "<group>";
		};
		C7FCE634224A350A00610E58 /* Localizable */ = {
			isa = PBXGroup;
			children = (
				C7FCE63B224A355200610E58 /* MainScreen.strings */,
				C7FCE63C224A363000610E58 /* Localizable.swift */,
				C7FCE63F224A369100610E58 /* Localizable+UIView+Extensions.swift */,
			);
			path = Localizable;
			sourceTree = "<group>";
		};
/* End PBXGroup section */

/* Begin PBXNativeTarget section */
		C795A2C12245184C00F233A4 /* Supplements */ = {
			isa = PBXNativeTarget;
			buildConfigurationList = C795A2EA2245184E00F233A4 /* Build configuration list for PBXNativeTarget "Supplements" */;
			buildPhases = (
				C795A2BE2245184C00F233A4 /* Sources */,
				C795A2BF2245184C00F233A4 /* Frameworks */,
				C795A2C02245184C00F233A4 /* Resources */,
			);
			buildRules = (
			);
			dependencies = (
			);
			name = Supplements;
			productName = Supplements;
			productReference = C795A2C22245184C00F233A4 /* Supplements.app */;
			productType = "com.apple.product-type.application";
		};
		C795A2D52245184E00F233A4 /* SupplementsTests */ = {
			isa = PBXNativeTarget;
			buildConfigurationList = C795A2ED2245184E00F233A4 /* Build configuration list for PBXNativeTarget "SupplementsTests" */;
			buildPhases = (
				C795A2D22245184E00F233A4 /* Sources */,
				C795A2D32245184E00F233A4 /* Frameworks */,
				C795A2D42245184E00F233A4 /* Resources */,
			);
			buildRules = (
			);
			dependencies = (
				C795A2D82245184E00F233A4 /* PBXTargetDependency */,
			);
			name = SupplementsTests;
			productName = SupplementsTests;
			productReference = C795A2D62245184E00F233A4 /* SupplementsTests.xctest */;
			productType = "com.apple.product-type.bundle.unit-test";
		};
		C795A2E02245184E00F233A4 /* SupplementsUITests */ = {
			isa = PBXNativeTarget;
			buildConfigurationList = C795A2F02245184E00F233A4 /* Build configuration list for PBXNativeTarget "SupplementsUITests" */;
			buildPhases = (
				C795A2DD2245184E00F233A4 /* Sources */,
				C795A2DE2245184E00F233A4 /* Frameworks */,
				C795A2DF2245184E00F233A4 /* Resources */,
			);
			buildRules = (
			);
			dependencies = (
				C795A2E32245184E00F233A4 /* PBXTargetDependency */,
			);
			name = SupplementsUITests;
			productName = SupplementsUITests;
			productReference = C795A2E12245184E00F233A4 /* SupplementsUITests.xctest */;
			productType = "com.apple.product-type.bundle.ui-testing";
		};
		C7FCE613224A313700610E58 /* Supplements dev */ = {
			isa = PBXNativeTarget;
			buildConfigurationList = C7FCE62C224A313700610E58 /* Build configuration list for PBXNativeTarget "Supplements dev" */;
			buildPhases = (
				C7FCE614224A313700610E58 /* Sources */,
				C7FCE627224A313700610E58 /* Frameworks */,
				C7FCE628224A313700610E58 /* Resources */,
			);
			buildRules = (
			);
			dependencies = (
			);
			name = "Supplements dev";
			productName = Supplements;
			productReference = C7FCE62F224A313700610E58 /* Supplements dev.app */;
			productType = "com.apple.product-type.application";
		};
/* End PBXNativeTarget section */

/* Begin PBXProject section */
		C795A2BA2245184C00F233A4 /* Project object */ = {
			isa = PBXProject;
			attributes = {
				LastSwiftUpdateCheck = 1010;
				LastUpgradeCheck = 1010;
				ORGANIZATIONNAME = matchusolutions;
				TargetAttributes = {
					C795A2C12245184C00F233A4 = {
						CreatedOnToolsVersion = 10.1;
					};
					C795A2D52245184E00F233A4 = {
						CreatedOnToolsVersion = 10.1;
						TestTargetID = C795A2C12245184C00F233A4;
					};
					C795A2E02245184E00F233A4 = {
						CreatedOnToolsVersion = 10.1;
						TestTargetID = C795A2C12245184C00F233A4;
					};
				};
			};
			buildConfigurationList = C795A2BD2245184C00F233A4 /* Build configuration list for PBXProject "Supplements" */;
			compatibilityVersion = "Xcode 9.3";
			developmentRegion = en;
			hasScannedForEncodings = 0;
			knownRegions = (
				en,
				Base,
				pl,
			);
			mainGroup = C795A2B92245184C00F233A4;
			productRefGroup = C795A2C32245184C00F233A4 /* Products */;
			projectDirPath = "";
			projectRoot = "";
			targets = (
				C795A2C12245184C00F233A4 /* Supplements */,
				C7FCE613224A313700610E58 /* Supplements dev */,
				C795A2D52245184E00F233A4 /* SupplementsTests */,
				C795A2E02245184E00F233A4 /* SupplementsUITests */,
			);
		};
/* End PBXProject section */

/* Begin PBXResourcesBuildPhase section */
		C795A2C02245184C00F233A4 /* Resources */ = {
			isa = PBXResourcesBuildPhase;
			buildActionMask = 2147483647;
			files = (
				C795A2D02245184E00F233A4 /* LaunchScreen.storyboard in Resources */,
				C7FCE638224A355200610E58 /* MainScreen.strings in Resources */,
				C795A2CD2245184E00F233A4 /* Assets.xcassets in Resources */,
				C795A2CB2245184C00F233A4 /* Main.storyboard in Resources */,
			);
			runOnlyForDeploymentPostprocessing = 0;
		};
		C795A2D42245184E00F233A4 /* Resources */ = {
			isa = PBXResourcesBuildPhase;
			buildActionMask = 2147483647;
			files = (
			);
			runOnlyForDeploymentPostprocessing = 0;
		};
		C795A2DF2245184E00F233A4 /* Resources */ = {
			isa = PBXResourcesBuildPhase;
			buildActionMask = 2147483647;
			files = (
			);
			runOnlyForDeploymentPostprocessing = 0;
		};
		C7FCE628224A313700610E58 /* Resources */ = {
			isa = PBXResourcesBuildPhase;
			buildActionMask = 2147483647;
			files = (
				C7FCE629224A313700610E58 /* LaunchScreen.storyboard in Resources */,
				C7FCE639224A355200610E58 /* MainScreen.strings in Resources */,
				C7FCE62A224A313700610E58 /* Assets.xcassets in Resources */,
				C7FCE62B224A313700610E58 /* Main.storyboard in Resources */,
			);
			runOnlyForDeploymentPostprocessing = 0;
		};
/* End PBXResourcesBuildPhase section */

/* Begin PBXSourcesBuildPhase section */
		C795A2BE2245184C00F233A4 /* Sources */ = {
			isa = PBXSourcesBuildPhase;
			buildActionMask = 2147483647;
			files = (
				C795A3172245304300F233A4 /* MainPresenterFactoryProtocol.swift in Sources */,
				C7BB3745225CB4EB0099EB1B /* String+Extensions.swift in Sources */,
				C795A2C62245184C00F233A4 /* AppDelegate.swift in Sources */,
				C795A31022452ED000F233A4 /* MainViewController.swift in Sources */,
				C7FCE640224A369100610E58 /* Localizable+UIView+Extensions.swift in Sources */,
				C795A30222452B7300F233A4 /* MainCoordinatorOutputProtocol.swift in Sources */,
				C795A3212245325C00F233A4 /* UIViewController+Extensions.swift in Sources */,
				C795A30822452CF000F233A4 /* MainCoordinator.swift in Sources */,
				C795A31B2245310200F233A4 /* MainModuleFactory.swift in Sources */,
				C795A2FB22452A6D00F233A4 /* AppCoordinator.swift in Sources */,
				C795A30622452C6D00F233A4 /* AppCoordinatorFactory.swift in Sources */,
				C795A2FF22452B1E00F233A4 /* AppCoordinatorFactoryProtocol.swift in Sources */,
				C795A31222452F0400F233A4 /* MainPresenter.swift in Sources */,
				C795A2F5224526B200F233A4 /* Coordinator.swift in Sources */,
				C795A31522452F6C00F233A4 /* MainTemplate.swift in Sources */,
				C7FCE63D224A363000610E58 /* Localizable.swift in Sources */,
				C795A319224530B100F233A4 /* MainPresenterFactory.swift in Sources */,
				C795A2F9224527CA00F233A4 /* BaseCoordinator.swift in Sources */,
				C795A30A22452E5800F233A4 /* MainFactoryProtocol.swift in Sources */,
				C795A3232245328900F233A4 /* Storyboard.swift in Sources */,
				C795A30422452BB400F233A4 /* CoordinatorOutput.swift in Sources */,
			);
			runOnlyForDeploymentPostprocessing = 0;
		};
		C795A2D22245184E00F233A4 /* Sources */ = {
			isa = PBXSourcesBuildPhase;
			buildActionMask = 2147483647;
			files = (
				C795A2DB2245184E00F233A4 /* SupplementsTests.swift in Sources */,
			);
			runOnlyForDeploymentPostprocessing = 0;
		};
		C795A2DD2245184E00F233A4 /* Sources */ = {
			isa = PBXSourcesBuildPhase;
			buildActionMask = 2147483647;
			files = (
				C795A2E62245184E00F233A4 /* SupplementsUITests.swift in Sources */,
			);
			runOnlyForDeploymentPostprocessing = 0;
		};
		C7FCE614224A313700610E58 /* Sources */ = {
			isa = PBXSourcesBuildPhase;
			buildActionMask = 2147483647;
			files = (
				C7FCE615224A313700610E58 /* MainPresenterFactoryProtocol.swift in Sources */,
				C7BB3746225CB4F90099EB1B /* String+Extensions.swift in Sources */,
				C7FCE616224A313700610E58 /* AppDelegate.swift in Sources */,
				C7FCE617224A313700610E58 /* MainViewController.swift in Sources */,
				C7FCE641224A369100610E58 /* Localizable+UIView+Extensions.swift in Sources */,
				C7FCE618224A313700610E58 /* MainCoordinatorOutputProtocol.swift in Sources */,
				C7FCE619224A313700610E58 /* UIViewController+Extensions.swift in Sources */,
				C7FCE61A224A313700610E58 /* MainCoordinator.swift in Sources */,
				C7FCE61B224A313700610E58 /* MainModuleFactory.swift in Sources */,
				C7FCE61C224A313700610E58 /* AppCoordinator.swift in Sources */,
				C7FCE61D224A313700610E58 /* AppCoordinatorFactory.swift in Sources */,
				C7FCE61E224A313700610E58 /* AppCoordinatorFactoryProtocol.swift in Sources */,
				C7FCE61F224A313700610E58 /* MainPresenter.swift in Sources */,
				C7FCE620224A313700610E58 /* Coordinator.swift in Sources */,
				C7FCE621224A313700610E58 /* MainTemplate.swift in Sources */,
				C7FCE63E224A363000610E58 /* Localizable.swift in Sources */,
				C7FCE622224A313700610E58 /* MainPresenterFactory.swift in Sources */,
				C7FCE623224A313700610E58 /* BaseCoordinator.swift in Sources */,
				C7FCE624224A313700610E58 /* MainFactoryProtocol.swift in Sources */,
				C7FCE625224A313700610E58 /* Storyboard.swift in Sources */,
				C7FCE626224A313700610E58 /* CoordinatorOutput.swift in Sources */,
			);
			runOnlyForDeploymentPostprocessing = 0;
		};
/* End PBXSourcesBuildPhase section */

/* Begin PBXTargetDependency section */
		C795A2D82245184E00F233A4 /* PBXTargetDependency */ = {
			isa = PBXTargetDependency;
			target = C795A2C12245184C00F233A4 /* Supplements */;
			targetProxy = C795A2D72245184E00F233A4 /* PBXContainerItemProxy */;
		};
		C795A2E32245184E00F233A4 /* PBXTargetDependency */ = {
			isa = PBXTargetDependency;
			target = C795A2C12245184C00F233A4 /* Supplements */;
			targetProxy = C795A2E22245184E00F233A4 /* PBXContainerItemProxy */;
		};
/* End PBXTargetDependency section */

/* Begin PBXVariantGroup section */
		C795A2C92245184C00F233A4 /* Main.storyboard */ = {
			isa = PBXVariantGroup;
			children = (
				C795A2CA2245184C00F233A4 /* Base */,
				C7BB3748225CB69E0099EB1B /* pl */,
			);
			name = Main.storyboard;
			sourceTree = "<group>";
		};
		C795A2CE2245184E00F233A4 /* LaunchScreen.storyboard */ = {
			isa = PBXVariantGroup;
			children = (
				C795A2CF2245184E00F233A4 /* Base */,
				C7BB3747225CB69E0099EB1B /* pl */,
			);
			name = LaunchScreen.storyboard;
			sourceTree = "<group>";
		};
		C7FCE63B224A355200610E58 /* MainScreen.strings */ = {
			isa = PBXVariantGroup;
			children = (
				C7FCE63A224A355200610E58 /* en */,
				C7BB3749225CB69E0099EB1B /* pl */,
			);
			name = MainScreen.strings;
			sourceTree = "<group>";
		};
/* End PBXVariantGroup section */

/* Begin XCBuildConfiguration section */
		C795A2E82245184E00F233A4 /* Debug */ = {
			isa = XCBuildConfiguration;
			buildSettings = {
				ALWAYS_SEARCH_USER_PATHS = NO;
				CLANG_ANALYZER_LOCALIZABILITY_NONLOCALIZED = YES;
				CLANG_ANALYZER_NONNULL = YES;
				CLANG_ANALYZER_NUMBER_OBJECT_CONVERSION = YES_AGGRESSIVE;
				CLANG_CXX_LANGUAGE_STANDARD = "gnu++14";
				CLANG_CXX_LIBRARY = "libc++";
				CLANG_ENABLE_MODULES = YES;
				CLANG_ENABLE_OBJC_ARC = YES;
				CLANG_ENABLE_OBJC_WEAK = YES;
				CLANG_WARN_BLOCK_CAPTURE_AUTORELEASING = YES;
				CLANG_WARN_BOOL_CONVERSION = YES;
				CLANG_WARN_COMMA = YES;
				CLANG_WARN_CONSTANT_CONVERSION = YES;
				CLANG_WARN_DEPRECATED_OBJC_IMPLEMENTATIONS = YES;
				CLANG_WARN_DIRECT_OBJC_ISA_USAGE = YES_ERROR;
				CLANG_WARN_DOCUMENTATION_COMMENTS = YES;
				CLANG_WARN_EMPTY_BODY = YES;
				CLANG_WARN_ENUM_CONVERSION = YES;
				CLANG_WARN_INFINITE_RECURSION = YES;
				CLANG_WARN_INT_CONVERSION = YES;
				CLANG_WARN_NON_LITERAL_NULL_CONVERSION = YES;
				CLANG_WARN_OBJC_IMPLICIT_RETAIN_SELF = YES;
				CLANG_WARN_OBJC_LITERAL_CONVERSION = YES;
				CLANG_WARN_OBJC_ROOT_CLASS = YES_ERROR;
				CLANG_WARN_RANGE_LOOP_ANALYSIS = YES;
				CLANG_WARN_STRICT_PROTOTYPES = YES;
				CLANG_WARN_SUSPICIOUS_MOVE = YES;
				CLANG_WARN_UNGUARDED_AVAILABILITY = YES_AGGRESSIVE;
				CLANG_WARN_UNREACHABLE_CODE = YES;
				CLANG_WARN__DUPLICATE_METHOD_MATCH = YES;
				CODE_SIGN_IDENTITY = "iPhone Developer";
				COPY_PHASE_STRIP = NO;
				DEBUG_INFORMATION_FORMAT = dwarf;
				ENABLE_STRICT_OBJC_MSGSEND = YES;
				ENABLE_TESTABILITY = YES;
				GCC_C_LANGUAGE_STANDARD = gnu11;
				GCC_DYNAMIC_NO_PIC = NO;
				GCC_NO_COMMON_BLOCKS = YES;
				GCC_OPTIMIZATION_LEVEL = 0;
				GCC_PREPROCESSOR_DEFINITIONS = (
					"DEBUG=1",
					"$(inherited)",
				);
				GCC_WARN_64_TO_32_BIT_CONVERSION = YES;
				GCC_WARN_ABOUT_RETURN_TYPE = YES_ERROR;
				GCC_WARN_UNDECLARED_SELECTOR = YES;
				GCC_WARN_UNINITIALIZED_AUTOS = YES_AGGRESSIVE;
				GCC_WARN_UNUSED_FUNCTION = YES;
				GCC_WARN_UNUSED_VARIABLE = YES;
				IPHONEOS_DEPLOYMENT_TARGET = 12.1;
				MTL_ENABLE_DEBUG_INFO = INCLUDE_SOURCE;
				MTL_FAST_MATH = YES;
				ONLY_ACTIVE_ARCH = YES;
				SDKROOT = iphoneos;
				SWIFT_ACTIVE_COMPILATION_CONDITIONS = DEBUG;
				SWIFT_OPTIMIZATION_LEVEL = "-Onone";
			};
			name = Debug;
		};
		C795A2E92245184E00F233A4 /* Release */ = {
			isa = XCBuildConfiguration;
			buildSettings = {
				ALWAYS_SEARCH_USER_PATHS = NO;
				CLANG_ANALYZER_LOCALIZABILITY_NONLOCALIZED = YES;
				CLANG_ANALYZER_NONNULL = YES;
				CLANG_ANALYZER_NUMBER_OBJECT_CONVERSION = YES_AGGRESSIVE;
				CLANG_CXX_LANGUAGE_STANDARD = "gnu++14";
				CLANG_CXX_LIBRARY = "libc++";
				CLANG_ENABLE_MODULES = YES;
				CLANG_ENABLE_OBJC_ARC = YES;
				CLANG_ENABLE_OBJC_WEAK = YES;
				CLANG_WARN_BLOCK_CAPTURE_AUTORELEASING = YES;
				CLANG_WARN_BOOL_CONVERSION = YES;
				CLANG_WARN_COMMA = YES;
				CLANG_WARN_CONSTANT_CONVERSION = YES;
				CLANG_WARN_DEPRECATED_OBJC_IMPLEMENTATIONS = YES;
				CLANG_WARN_DIRECT_OBJC_ISA_USAGE = YES_ERROR;
				CLANG_WARN_DOCUMENTATION_COMMENTS = YES;
				CLANG_WARN_EMPTY_BODY = YES;
				CLANG_WARN_ENUM_CONVERSION = YES;
				CLANG_WARN_INFINITE_RECURSION = YES;
				CLANG_WARN_INT_CONVERSION = YES;
				CLANG_WARN_NON_LITERAL_NULL_CONVERSION = YES;
				CLANG_WARN_OBJC_IMPLICIT_RETAIN_SELF = YES;
				CLANG_WARN_OBJC_LITERAL_CONVERSION = YES;
				CLANG_WARN_OBJC_ROOT_CLASS = YES_ERROR;
				CLANG_WARN_RANGE_LOOP_ANALYSIS = YES;
				CLANG_WARN_STRICT_PROTOTYPES = YES;
				CLANG_WARN_SUSPICIOUS_MOVE = YES;
				CLANG_WARN_UNGUARDED_AVAILABILITY = YES_AGGRESSIVE;
				CLANG_WARN_UNREACHABLE_CODE = YES;
				CLANG_WARN__DUPLICATE_METHOD_MATCH = YES;
				CODE_SIGN_IDENTITY = "iPhone Developer";
				COPY_PHASE_STRIP = NO;
				DEBUG_INFORMATION_FORMAT = "dwarf-with-dsym";
				ENABLE_NS_ASSERTIONS = NO;
				ENABLE_STRICT_OBJC_MSGSEND = YES;
				GCC_C_LANGUAGE_STANDARD = gnu11;
				GCC_NO_COMMON_BLOCKS = YES;
				GCC_WARN_64_TO_32_BIT_CONVERSION = YES;
				GCC_WARN_ABOUT_RETURN_TYPE = YES_ERROR;
				GCC_WARN_UNDECLARED_SELECTOR = YES;
				GCC_WARN_UNINITIALIZED_AUTOS = YES_AGGRESSIVE;
				GCC_WARN_UNUSED_FUNCTION = YES;
				GCC_WARN_UNUSED_VARIABLE = YES;
				IPHONEOS_DEPLOYMENT_TARGET = 12.1;
				MTL_ENABLE_DEBUG_INFO = NO;
				MTL_FAST_MATH = YES;
				SDKROOT = iphoneos;
				SWIFT_COMPILATION_MODE = wholemodule;
				SWIFT_OPTIMIZATION_LEVEL = "-O";
				VALIDATE_PRODUCT = YES;
			};
			name = Release;
		};
		C795A2EB2245184E00F233A4 /* Debug */ = {
			isa = XCBuildConfiguration;
			buildSettings = {
				ASSETCATALOG_COMPILER_APPICON_NAME = AppIcon;
				CODE_SIGN_STYLE = Automatic;
				DEVELOPMENT_TEAM = SL7Z3NFSQN;
				INFOPLIST_FILE = Supplements/Info.plist;
				LD_RUNPATH_SEARCH_PATHS = (
					"$(inherited)",
					"@executable_path/Frameworks",
				);
				PRODUCT_BUNDLE_IDENTIFIER = com.Supplements;
				PRODUCT_NAME = "$(TARGET_NAME)";
				SWIFT_VERSION = 4.2;
				TARGETED_DEVICE_FAMILY = "1,2";
			};
			name = Debug;
		};
		C795A2EC2245184E00F233A4 /* Release */ = {
			isa = XCBuildConfiguration;
			buildSettings = {
				ASSETCATALOG_COMPILER_APPICON_NAME = AppIcon;
				CODE_SIGN_STYLE = Automatic;
				DEVELOPMENT_TEAM = SL7Z3NFSQN;
				INFOPLIST_FILE = Supplements/Info.plist;
				LD_RUNPATH_SEARCH_PATHS = (
					"$(inherited)",
					"@executable_path/Frameworks",
				);
				PRODUCT_BUNDLE_IDENTIFIER = com.Supplements;
				PRODUCT_NAME = "$(TARGET_NAME)";
				SWIFT_VERSION = 4.2;
				TARGETED_DEVICE_FAMILY = "1,2";
			};
			name = Release;
		};
		C795A2EE2245184E00F233A4 /* Debug */ = {
			isa = XCBuildConfiguration;
			buildSettings = {
				ALWAYS_EMBED_SWIFT_STANDARD_LIBRARIES = YES;
				BUNDLE_LOADER = "$(TEST_HOST)";
				CODE_SIGN_STYLE = Automatic;
				DEVELOPMENT_TEAM = 6TZ4V88Q7B;
				INFOPLIST_FILE = SupplementsTests/Info.plist;
				LD_RUNPATH_SEARCH_PATHS = (
					"$(inherited)",
					"@executable_path/Frameworks",
					"@loader_path/Frameworks",
				);
				PRODUCT_BUNDLE_IDENTIFIER = com.SupplementsTests;
				PRODUCT_NAME = "$(TARGET_NAME)";
				SWIFT_VERSION = 4.2;
				TARGETED_DEVICE_FAMILY = "1,2";
				TEST_HOST = "$(BUILT_PRODUCTS_DIR)/Supplements.app/Supplements";
			};
			name = Debug;
		};
		C795A2EF2245184E00F233A4 /* Release */ = {
			isa = XCBuildConfiguration;
			buildSettings = {
				ALWAYS_EMBED_SWIFT_STANDARD_LIBRARIES = YES;
				BUNDLE_LOADER = "$(TEST_HOST)";
				CODE_SIGN_STYLE = Automatic;
				DEVELOPMENT_TEAM = 6TZ4V88Q7B;
				INFOPLIST_FILE = SupplementsTests/Info.plist;
				LD_RUNPATH_SEARCH_PATHS = (
					"$(inherited)",
					"@executable_path/Frameworks",
					"@loader_path/Frameworks",
				);
				PRODUCT_BUNDLE_IDENTIFIER = com.SupplementsTests;
				PRODUCT_NAME = "$(TARGET_NAME)";
				SWIFT_VERSION = 4.2;
				TARGETED_DEVICE_FAMILY = "1,2";
				TEST_HOST = "$(BUILT_PRODUCTS_DIR)/Supplements.app/Supplements";
			};
			name = Release;
		};
		C795A2F12245184E00F233A4 /* Debug */ = {
			isa = XCBuildConfiguration;
			buildSettings = {
				ALWAYS_EMBED_SWIFT_STANDARD_LIBRARIES = YES;
				CODE_SIGN_STYLE = Automatic;
				DEVELOPMENT_TEAM = 6TZ4V88Q7B;
				INFOPLIST_FILE = SupplementsUITests/Info.plist;
				LD_RUNPATH_SEARCH_PATHS = (
					"$(inherited)",
					"@executable_path/Frameworks",
					"@loader_path/Frameworks",
				);
				PRODUCT_BUNDLE_IDENTIFIER = com.SupplementsUITests;
				PRODUCT_NAME = "$(TARGET_NAME)";
				SWIFT_VERSION = 4.2;
				TARGETED_DEVICE_FAMILY = "1,2";
				TEST_TARGET_NAME = Supplements;
			};
			name = Debug;
		};
		C795A2F22245184E00F233A4 /* Release */ = {
			isa = XCBuildConfiguration;
			buildSettings = {
				ALWAYS_EMBED_SWIFT_STANDARD_LIBRARIES = YES;
				CODE_SIGN_STYLE = Automatic;
				DEVELOPMENT_TEAM = 6TZ4V88Q7B;
				INFOPLIST_FILE = SupplementsUITests/Info.plist;
				LD_RUNPATH_SEARCH_PATHS = (
					"$(inherited)",
					"@executable_path/Frameworks",
					"@loader_path/Frameworks",
				);
				PRODUCT_BUNDLE_IDENTIFIER = com.SupplementsUITests;
				PRODUCT_NAME = "$(TARGET_NAME)";
				SWIFT_VERSION = 4.2;
				TARGETED_DEVICE_FAMILY = "1,2";
				TEST_TARGET_NAME = Supplements;
			};
			name = Release;
		};
		C7FCE62D224A313700610E58 /* Debug */ = {
			isa = XCBuildConfiguration;
			buildSettings = {
				ASSETCATALOG_COMPILER_APPICON_NAME = "AppIcon-Dev";
				CODE_SIGN_STYLE = Automatic;
				DEVELOPMENT_TEAM = SL7Z3NFSQN;
				INFOPLIST_FILE = "Supplements/dev-Info.plist";
				LD_RUNPATH_SEARCH_PATHS = (
					"$(inherited)",
					"@executable_path/Frameworks",
				);
				OTHER_SWIFT_FLAGS = "-DDEVELOPMENT";
				PRODUCT_BUNDLE_IDENTIFIER = "com.Supplements-dev";
				PRODUCT_NAME = "$(TARGET_NAME)";
				SWIFT_VERSION = 4.2;
				TARGETED_DEVICE_FAMILY = "1,2";
			};
			name = Debug;
		};
		C7FCE62E224A313700610E58 /* Release */ = {
			isa = XCBuildConfiguration;
			buildSettings = {
				ASSETCATALOG_COMPILER_APPICON_NAME = "AppIcon-Dev";
				CODE_SIGN_STYLE = Automatic;
				DEVELOPMENT_TEAM = SL7Z3NFSQN;
				INFOPLIST_FILE = "Supplements/dev-Info.plist";
				LD_RUNPATH_SEARCH_PATHS = (
					"$(inherited)",
					"@executable_path/Frameworks",
				);
				OTHER_SWIFT_FLAGS = "-DDEVELOPMENT";
				PRODUCT_BUNDLE_IDENTIFIER = "com.Supplements-dev";
				PRODUCT_NAME = "$(TARGET_NAME)";
				SWIFT_VERSION = 4.2;
				TARGETED_DEVICE_FAMILY = "1,2";
			};
			name = Release;
		};
/* End XCBuildConfiguration section */

/* Begin XCConfigurationList section */
		C795A2BD2245184C00F233A4 /* Build configuration list for PBXProject "Supplements" */ = {
			isa = XCConfigurationList;
			buildConfigurations = (
				C795A2E82245184E00F233A4 /* Debug */,
				C795A2E92245184E00F233A4 /* Release */,
			);
			defaultConfigurationIsVisible = 0;
			defaultConfigurationName = Release;
		};
		C795A2EA2245184E00F233A4 /* Build configuration list for PBXNativeTarget "Supplements" */ = {
			isa = XCConfigurationList;
			buildConfigurations = (
				C795A2EB2245184E00F233A4 /* Debug */,
				C795A2EC2245184E00F233A4 /* Release */,
			);
			defaultConfigurationIsVisible = 0;
			defaultConfigurationName = Release;
		};
		C795A2ED2245184E00F233A4 /* Build configuration list for PBXNativeTarget "SupplementsTests" */ = {
			isa = XCConfigurationList;
			buildConfigurations = (
				C795A2EE2245184E00F233A4 /* Debug */,
				C795A2EF2245184E00F233A4 /* Release */,
			);
			defaultConfigurationIsVisible = 0;
			defaultConfigurationName = Release;
		};
		C795A2F02245184E00F233A4 /* Build configuration list for PBXNativeTarget "SupplementsUITests" */ = {
			isa = XCConfigurationList;
			buildConfigurations = (
				C795A2F12245184E00F233A4 /* Debug */,
				C795A2F22245184E00F233A4 /* Release */,
			);
			defaultConfigurationIsVisible = 0;
			defaultConfigurationName = Release;
		};
		C7FCE62C224A313700610E58 /* Build configuration list for PBXNativeTarget "Supplements dev" */ = {
			isa = XCConfigurationList;
			buildConfigurations = (
				C7FCE62D224A313700610E58 /* Debug */,
				C7FCE62E224A313700610E58 /* Release */,
			);
			defaultConfigurationIsVisible = 0;
			defaultConfigurationName = Release;
		};
/* End XCConfigurationList section */
	};
	rootObject = C795A2BA2245184C00F233A4 /* Project object */;
}
